// !$*UTF8*$!
{
	archiveVersion = 1;
	classes = {
	};
	objectVersion = 56;
	objects = {

/* Begin PBXBuildFile section */
		3A1C8D6929494CD2000AC68F /* Introspect in Frameworks */ = {isa = PBXBuildFile; productRef = 3A1C8D6829494CD2000AC68F /* Introspect */; };
		3A254BB32955267A00AAEFDC /* FirebaseDatabase in Frameworks */ = {isa = PBXBuildFile; productRef = 3A254BB22955267A00AAEFDC /* FirebaseDatabase */; };
		3A254BB52955267A00AAEFDC /* FirebaseDatabaseSwift in Frameworks */ = {isa = PBXBuildFile; productRef = 3A254BB42955267A00AAEFDC /* FirebaseDatabaseSwift */; };
		3A254BB8295527C500AAEFDC /* Respository.swift in Sources */ = {isa = PBXBuildFile; fileRef = 3A254BB7295527C500AAEFDC /* Respository.swift */; };
		3A254BBB2955831200AAEFDC /* Encodable+Convenience.swift in Sources */ = {isa = PBXBuildFile; fileRef = 3A254BBA2955831200AAEFDC /* Encodable+Convenience.swift */; };
		3A254BBF2956690200AAEFDC /* ToDoServiceImpl.swift in Sources */ = {isa = PBXBuildFile; fileRef = 3A254BBE2956690200AAEFDC /* ToDoServiceImpl.swift */; };
		3A254BC1295677FC00AAEFDC /* GoogleService-Info.plist in Resources */ = {isa = PBXBuildFile; fileRef = 3A254BC0295677FC00AAEFDC /* GoogleService-Info.plist */; };
		3A254BC42956B30000AAEFDC /* SignUpView.swift in Sources */ = {isa = PBXBuildFile; fileRef = 3A254BC32956B30000AAEFDC /* SignUpView.swift */; };
		3A254BC62956B30D00AAEFDC /* SignUpViewModel.swift in Sources */ = {isa = PBXBuildFile; fileRef = 3A254BC52956B30D00AAEFDC /* SignUpViewModel.swift */; };
		3A254BC92956DA1F00AAEFDC /* FirebaseAuth in Frameworks */ = {isa = PBXBuildFile; productRef = 3A254BC82956DA1F00AAEFDC /* FirebaseAuth */; };
		3A254BCC2956DF1300AAEFDC /* UserData.swift in Sources */ = {isa = PBXBuildFile; fileRef = 3A254BCB2956DF1300AAEFDC /* UserData.swift */; };
		3A254BD7295CEB2B00AAEFDC /* AuthenticateUser.swift in Sources */ = {isa = PBXBuildFile; fileRef = 3A254BD6295CEB2B00AAEFDC /* AuthenticateUser.swift */; };
		3A254BDA295E4F4500AAEFDC /* LoginViewModel.swift in Sources */ = {isa = PBXBuildFile; fileRef = 3A254BD9295E4F4500AAEFDC /* LoginViewModel.swift */; };
		3A254BDC295E4F5300AAEFDC /* LoginView.swift in Sources */ = {isa = PBXBuildFile; fileRef = 3A254BDB295E4F5300AAEFDC /* LoginView.swift */; };
		3A254BDF295E583200AAEFDC /* PasswordValidation.swift in Sources */ = {isa = PBXBuildFile; fileRef = 3A254BDE295E583200AAEFDC /* PasswordValidation.swift */; };
		3A254BE2295E5BBD00AAEFDC /* RootViewModel.swift in Sources */ = {isa = PBXBuildFile; fileRef = 3A254BE1295E5BBD00AAEFDC /* RootViewModel.swift */; };
		3A254BE4295E5BCB00AAEFDC /* RootView.swift in Sources */ = {isa = PBXBuildFile; fileRef = 3A254BE3295E5BCB00AAEFDC /* RootView.swift */; };
		3A360C68293F225D0054EED9 /* ColorStyle.swift in Sources */ = {isa = PBXBuildFile; fileRef = 3A360C67293F225D0054EED9 /* ColorStyle.swift */; };
		3A360C7B294166440054EED9 /* ToDoListView.swift in Sources */ = {isa = PBXBuildFile; fileRef = 3A360C7A294166440054EED9 /* ToDoListView.swift */; };
		3A4C5FA9293A8607002EEE92 /* CreateTaskView.swift in Sources */ = {isa = PBXBuildFile; fileRef = 3A4C5FA8293A8607002EEE92 /* CreateTaskView.swift */; };
		3A4C5FAB293A88B5002EEE92 /* CreateTaskViewModel.swift in Sources */ = {isa = PBXBuildFile; fileRef = 3A4C5FAA293A88B5002EEE92 /* CreateTaskViewModel.swift */; };
		3A9060E22937DD47003648F6 /* ToDoAppApp.swift in Sources */ = {isa = PBXBuildFile; fileRef = 3A9060E12937DD47003648F6 /* ToDoAppApp.swift */; };
		3A9060E62937DD48003648F6 /* Assets.xcassets in Resources */ = {isa = PBXBuildFile; fileRef = 3A9060E52937DD48003648F6 /* Assets.xcassets */; };
		3A9060E92937DD48003648F6 /* Preview Assets.xcassets in Resources */ = {isa = PBXBuildFile; fileRef = 3A9060E82937DD48003648F6 /* Preview Assets.xcassets */; };
		3A9060F32937DD48003648F6 /* ToDoAppTests.swift in Sources */ = {isa = PBXBuildFile; fileRef = 3A9060F22937DD48003648F6 /* ToDoAppTests.swift */; };
		3A9060FD2937DD48003648F6 /* ToDoAppUITests.swift in Sources */ = {isa = PBXBuildFile; fileRef = 3A9060FC2937DD48003648F6 /* ToDoAppUITests.swift */; };
		3A9060FF2937DD48003648F6 /* ToDoAppUITestsLaunchTests.swift in Sources */ = {isa = PBXBuildFile; fileRef = 3A9060FE2937DD48003648F6 /* ToDoAppUITestsLaunchTests.swift */; };
		3AAD16FC2943D38A001099D6 /* ToDoListViewModel.swift in Sources */ = {isa = PBXBuildFile; fileRef = 3AAD16FB2943D38A001099D6 /* ToDoListViewModel.swift */; };
/* End PBXBuildFile section */

/* Begin PBXContainerItemProxy section */
		3A9060EF2937DD48003648F6 /* PBXContainerItemProxy */ = {
			isa = PBXContainerItemProxy;
			containerPortal = 3A9060D62937DD47003648F6 /* Project object */;
			proxyType = 1;
			remoteGlobalIDString = 3A9060DD2937DD47003648F6;
			remoteInfo = ToDoApp;
		};
		3A9060F92937DD48003648F6 /* PBXContainerItemProxy */ = {
			isa = PBXContainerItemProxy;
			containerPortal = 3A9060D62937DD47003648F6 /* Project object */;
			proxyType = 1;
			remoteGlobalIDString = 3A9060DD2937DD47003648F6;
			remoteInfo = ToDoApp;
		};
/* End PBXContainerItemProxy section */

/* Begin PBXFileReference section */
		3A254BB7295527C500AAEFDC /* Respository.swift */ = {isa = PBXFileReference; lastKnownFileType = sourcecode.swift; path = Respository.swift; sourceTree = "<group>"; };
		3A254BBA2955831200AAEFDC /* Encodable+Convenience.swift */ = {isa = PBXFileReference; lastKnownFileType = sourcecode.swift; path = "Encodable+Convenience.swift"; sourceTree = "<group>"; };
		3A254BBE2956690200AAEFDC /* ToDoServiceImpl.swift */ = {isa = PBXFileReference; lastKnownFileType = sourcecode.swift; path = ToDoServiceImpl.swift; sourceTree = "<group>"; };
		3A254BC0295677FC00AAEFDC /* GoogleService-Info.plist */ = {isa = PBXFileReference; fileEncoding = 4; lastKnownFileType = text.plist.xml; path = "GoogleService-Info.plist"; sourceTree = "<group>"; };
		3A254BC32956B30000AAEFDC /* SignUpView.swift */ = {isa = PBXFileReference; lastKnownFileType = sourcecode.swift; path = SignUpView.swift; sourceTree = "<group>"; };
		3A254BC52956B30D00AAEFDC /* SignUpViewModel.swift */ = {isa = PBXFileReference; lastKnownFileType = sourcecode.swift; path = SignUpViewModel.swift; sourceTree = "<group>"; };
		3A254BCB2956DF1300AAEFDC /* UserData.swift */ = {isa = PBXFileReference; lastKnownFileType = sourcecode.swift; path = UserData.swift; sourceTree = "<group>"; };
		3A254BD6295CEB2B00AAEFDC /* AuthenticateUser.swift */ = {isa = PBXFileReference; lastKnownFileType = sourcecode.swift; path = AuthenticateUser.swift; sourceTree = "<group>"; };
		3A254BD9295E4F4500AAEFDC /* LoginViewModel.swift */ = {isa = PBXFileReference; lastKnownFileType = sourcecode.swift; path = LoginViewModel.swift; sourceTree = "<group>"; };
		3A254BDB295E4F5300AAEFDC /* LoginView.swift */ = {isa = PBXFileReference; lastKnownFileType = sourcecode.swift; path = LoginView.swift; sourceTree = "<group>"; };
		3A254BDE295E583200AAEFDC /* PasswordValidation.swift */ = {isa = PBXFileReference; lastKnownFileType = sourcecode.swift; path = PasswordValidation.swift; sourceTree = "<group>"; };
		3A254BE1295E5BBD00AAEFDC /* RootViewModel.swift */ = {isa = PBXFileReference; lastKnownFileType = sourcecode.swift; path = RootViewModel.swift; sourceTree = "<group>"; };
		3A254BE3295E5BCB00AAEFDC /* RootView.swift */ = {isa = PBXFileReference; lastKnownFileType = sourcecode.swift; path = RootView.swift; sourceTree = "<group>"; };
		3A360C67293F225D0054EED9 /* ColorStyle.swift */ = {isa = PBXFileReference; lastKnownFileType = sourcecode.swift; path = ColorStyle.swift; sourceTree = "<group>"; };
		3A360C7A294166440054EED9 /* ToDoListView.swift */ = {isa = PBXFileReference; lastKnownFileType = sourcecode.swift; path = ToDoListView.swift; sourceTree = "<group>"; };
		3A4C5FA8293A8607002EEE92 /* CreateTaskView.swift */ = {isa = PBXFileReference; lastKnownFileType = sourcecode.swift; path = CreateTaskView.swift; sourceTree = "<group>"; };
		3A4C5FAA293A88B5002EEE92 /* CreateTaskViewModel.swift */ = {isa = PBXFileReference; lastKnownFileType = sourcecode.swift; path = CreateTaskViewModel.swift; sourceTree = "<group>"; };
		3A9060DE2937DD47003648F6 /* ToDoApp.app */ = {isa = PBXFileReference; explicitFileType = wrapper.application; includeInIndex = 0; path = ToDoApp.app; sourceTree = BUILT_PRODUCTS_DIR; };
		3A9060E12937DD47003648F6 /* ToDoAppApp.swift */ = {isa = PBXFileReference; lastKnownFileType = sourcecode.swift; path = ToDoAppApp.swift; sourceTree = "<group>"; };
		3A9060E52937DD48003648F6 /* Assets.xcassets */ = {isa = PBXFileReference; lastKnownFileType = folder.assetcatalog; path = Assets.xcassets; sourceTree = "<group>"; };
		3A9060E82937DD48003648F6 /* Preview Assets.xcassets */ = {isa = PBXFileReference; lastKnownFileType = folder.assetcatalog; path = "Preview Assets.xcassets"; sourceTree = "<group>"; };
		3A9060EE2937DD48003648F6 /* ToDoAppTests.xctest */ = {isa = PBXFileReference; explicitFileType = wrapper.cfbundle; includeInIndex = 0; path = ToDoAppTests.xctest; sourceTree = BUILT_PRODUCTS_DIR; };
		3A9060F22937DD48003648F6 /* ToDoAppTests.swift */ = {isa = PBXFileReference; lastKnownFileType = sourcecode.swift; path = ToDoAppTests.swift; sourceTree = "<group>"; };
		3A9060F82937DD48003648F6 /* ToDoAppUITests.xctest */ = {isa = PBXFileReference; explicitFileType = wrapper.cfbundle; includeInIndex = 0; path = ToDoAppUITests.xctest; sourceTree = BUILT_PRODUCTS_DIR; };
		3A9060FC2937DD48003648F6 /* ToDoAppUITests.swift */ = {isa = PBXFileReference; lastKnownFileType = sourcecode.swift; path = ToDoAppUITests.swift; sourceTree = "<group>"; };
		3A9060FE2937DD48003648F6 /* ToDoAppUITestsLaunchTests.swift */ = {isa = PBXFileReference; lastKnownFileType = sourcecode.swift; path = ToDoAppUITestsLaunchTests.swift; sourceTree = "<group>"; };
		3AAD16FB2943D38A001099D6 /* ToDoListViewModel.swift */ = {isa = PBXFileReference; lastKnownFileType = sourcecode.swift; path = ToDoListViewModel.swift; sourceTree = "<group>"; };
/* End PBXFileReference section */

/* Begin PBXFrameworksBuildPhase section */
		3A9060DB2937DD47003648F6 /* Frameworks */ = {
			isa = PBXFrameworksBuildPhase;
			buildActionMask = 2147483647;
			files = (
				3A254BB52955267A00AAEFDC /* FirebaseDatabaseSwift in Frameworks */,
				3A254BB32955267A00AAEFDC /* FirebaseDatabase in Frameworks */,
				3A1C8D6929494CD2000AC68F /* Introspect in Frameworks */,
				3A254BC92956DA1F00AAEFDC /* FirebaseAuth in Frameworks */,
			);
			runOnlyForDeploymentPostprocessing = 0;
		};
		3A9060EB2937DD48003648F6 /* Frameworks */ = {
			isa = PBXFrameworksBuildPhase;
			buildActionMask = 2147483647;
			files = (
			);
			runOnlyForDeploymentPostprocessing = 0;
		};
		3A9060F52937DD48003648F6 /* Frameworks */ = {
			isa = PBXFrameworksBuildPhase;
			buildActionMask = 2147483647;
			files = (
			);
			runOnlyForDeploymentPostprocessing = 0;
		};
/* End PBXFrameworksBuildPhase section */

/* Begin PBXGroup section */
		3A254BB62955279F00AAEFDC /* Respository */ = {
			isa = PBXGroup;
			children = (
				3A254BB7295527C500AAEFDC /* Respository.swift */,
			);
			path = Respository;
			sourceTree = "<group>";
		};
		3A254BB9295582E200AAEFDC /* Extensions */ = {
			isa = PBXGroup;
			children = (
				3A254BBA2955831200AAEFDC /* Encodable+Convenience.swift */,
			);
			path = Extensions;
			sourceTree = "<group>";
		};
		3A254BC22956B2E000AAEFDC /* SignUp */ = {
			isa = PBXGroup;
			children = (
				3A254BC32956B30000AAEFDC /* SignUpView.swift */,
				3A254BC52956B30D00AAEFDC /* SignUpViewModel.swift */,
			);
			path = SignUp;
			sourceTree = "<group>";
		};
		3A254BC72956DA1F00AAEFDC /* Frameworks */ = {
			isa = PBXGroup;
			children = (
			);
			name = Frameworks;
			sourceTree = "<group>";
		};
		3A254BCA2956DF0200AAEFDC /* UserData */ = {
			isa = PBXGroup;
			children = (
				3A254BCB2956DF1300AAEFDC /* UserData.swift */,
			);
			path = UserData;
			sourceTree = "<group>";
		};
		3A254BD5295CEB1800AAEFDC /* Authentication */ = {
			isa = PBXGroup;
			children = (
				3A254BD6295CEB2B00AAEFDC /* AuthenticateUser.swift */,
			);
			path = Authentication;
			sourceTree = "<group>";
		};
		3A254BD8295E4F3500AAEFDC /* Login */ = {
			isa = PBXGroup;
			children = (
				3A254BD9295E4F4500AAEFDC /* LoginViewModel.swift */,
				3A254BDB295E4F5300AAEFDC /* LoginView.swift */,
			);
			path = Login;
			sourceTree = "<group>";
		};
		3A254BDD295E582100AAEFDC /* PasswordValidation */ = {
			isa = PBXGroup;
			children = (
				3A254BDE295E583200AAEFDC /* PasswordValidation.swift */,
			);
			path = PasswordValidation;
			sourceTree = "<group>";
		};
		3A254BE0295E5BAE00AAEFDC /* RootView */ = {
			isa = PBXGroup;
			children = (
				3A254BE1295E5BBD00AAEFDC /* RootViewModel.swift */,
				3A254BE3295E5BCB00AAEFDC /* RootView.swift */,
			);
			path = RootView;
			sourceTree = "<group>";
		};
		3A360C69293FC8250054EED9 /* Common */ = {
			isa = PBXGroup;
			children = (
				3A254BDD295E582100AAEFDC /* PasswordValidation */,
				3A254BCA2956DF0200AAEFDC /* UserData */,
				3A254BB9295582E200AAEFDC /* Extensions */,
				3A360C6A293FC82E0054EED9 /* UI */,
			);
			path = Common;
			sourceTree = "<group>";
		};
		3A360C6A293FC82E0054EED9 /* UI */ = {
			isa = PBXGroup;
			children = (
				3A360C67293F225D0054EED9 /* ColorStyle.swift */,
			);
			path = UI;
			sourceTree = "<group>";
		};
		3A360C79294166310054EED9 /* ToDoList */ = {
			isa = PBXGroup;
			children = (
				3A360C7A294166440054EED9 /* ToDoListView.swift */,
				3AAD16FB2943D38A001099D6 /* ToDoListViewModel.swift */,
			);
			name = ToDoList;
			sourceTree = "<group>";
		};
		3A4C5FA0293A8552002EEE92 /* CreateTask */ = {
			isa = PBXGroup;
			children = (
				3A4C5FA8293A8607002EEE92 /* CreateTaskView.swift */,
				3A4C5FAA293A88B5002EEE92 /* CreateTaskViewModel.swift */,
			);
			name = CreateTask;
			sourceTree = "<group>";
		};
		3A4C5FAC293A90A6002EEE92 /* Service */ = {
			isa = PBXGroup;
			children = (
				3A254BBE2956690200AAEFDC /* ToDoServiceImpl.swift */,
			);
			name = Service;
			sourceTree = "<group>";
		};
		3A9060D52937DD47003648F6 = {
			isa = PBXGroup;
			children = (
				3A9060E02937DD47003648F6 /* ToDoApp */,
				3A9060F12937DD48003648F6 /* ToDoAppTests */,
				3A9060FB2937DD48003648F6 /* ToDoAppUITests */,
				3A9060DF2937DD47003648F6 /* Products */,
				3A254BC72956DA1F00AAEFDC /* Frameworks */,
			);
			sourceTree = "<group>";
		};
		3A9060DF2937DD47003648F6 /* Products */ = {
			isa = PBXGroup;
			children = (
				3A9060DE2937DD47003648F6 /* ToDoApp.app */,
				3A9060EE2937DD48003648F6 /* ToDoAppTests.xctest */,
				3A9060F82937DD48003648F6 /* ToDoAppUITests.xctest */,
			);
			name = Products;
			sourceTree = "<group>";
		};
		3A9060E02937DD47003648F6 /* ToDoApp */ = {
			isa = PBXGroup;
			children = (
				3A254BE0295E5BAE00AAEFDC /* RootView */,
				3A254BD8295E4F3500AAEFDC /* Login */,
				3A254BD5295CEB1800AAEFDC /* Authentication */,
				3A254BC22956B2E000AAEFDC /* SignUp */,
				3A254BC0295677FC00AAEFDC /* GoogleService-Info.plist */,
				3A254BB62955279F00AAEFDC /* Respository */,
				3A360C79294166310054EED9 /* ToDoList */,
				3A360C69293FC8250054EED9 /* Common */,
				3A4C5FAC293A90A6002EEE92 /* Service */,
				3A4C5FA0293A8552002EEE92 /* CreateTask */,
				3A9060E12937DD47003648F6 /* ToDoAppApp.swift */,
				3A9060E52937DD48003648F6 /* Assets.xcassets */,
				3A9060E72937DD48003648F6 /* Preview Content */,
			);
			path = ToDoApp;
			sourceTree = "<group>";
		};
		3A9060E72937DD48003648F6 /* Preview Content */ = {
			isa = PBXGroup;
			children = (
				3A9060E82937DD48003648F6 /* Preview Assets.xcassets */,
			);
			path = "Preview Content";
			sourceTree = "<group>";
		};
		3A9060F12937DD48003648F6 /* ToDoAppTests */ = {
			isa = PBXGroup;
			children = (
				3A9060F22937DD48003648F6 /* ToDoAppTests.swift */,
			);
			path = ToDoAppTests;
			sourceTree = "<group>";
		};
		3A9060FB2937DD48003648F6 /* ToDoAppUITests */ = {
			isa = PBXGroup;
			children = (
				3A9060FC2937DD48003648F6 /* ToDoAppUITests.swift */,
				3A9060FE2937DD48003648F6 /* ToDoAppUITestsLaunchTests.swift */,
			);
			path = ToDoAppUITests;
			sourceTree = "<group>";
		};
/* End PBXGroup section */

/* Begin PBXNativeTarget section */
		3A9060DD2937DD47003648F6 /* ToDoApp */ = {
			isa = PBXNativeTarget;
			buildConfigurationList = 3A9061022937DD48003648F6 /* Build configuration list for PBXNativeTarget "ToDoApp" */;
			buildPhases = (
				3A9060DA2937DD47003648F6 /* Sources */,
				3A9060DB2937DD47003648F6 /* Frameworks */,
				3A9060DC2937DD47003648F6 /* Resources */,
			);
			buildRules = (
			);
			dependencies = (
			);
			name = ToDoApp;
			packageProductDependencies = (
				3A1C8D6829494CD2000AC68F /* Introspect */,
				3A254BB22955267A00AAEFDC /* FirebaseDatabase */,
				3A254BB42955267A00AAEFDC /* FirebaseDatabaseSwift */,
				3A254BC82956DA1F00AAEFDC /* FirebaseAuth */,
			);
			productName = ToDoApp;
			productReference = 3A9060DE2937DD47003648F6 /* ToDoApp.app */;
			productType = "com.apple.product-type.application";
		};
		3A9060ED2937DD48003648F6 /* ToDoAppTests */ = {
			isa = PBXNativeTarget;
			buildConfigurationList = 3A9061052937DD48003648F6 /* Build configuration list for PBXNativeTarget "ToDoAppTests" */;
			buildPhases = (
				3A9060EA2937DD48003648F6 /* Sources */,
				3A9060EB2937DD48003648F6 /* Frameworks */,
				3A9060EC2937DD48003648F6 /* Resources */,
			);
			buildRules = (
			);
			dependencies = (
				3A9060F02937DD48003648F6 /* PBXTargetDependency */,
			);
			name = ToDoAppTests;
			productName = ToDoAppTests;
			productReference = 3A9060EE2937DD48003648F6 /* ToDoAppTests.xctest */;
			productType = "com.apple.product-type.bundle.unit-test";
		};
		3A9060F72937DD48003648F6 /* ToDoAppUITests */ = {
			isa = PBXNativeTarget;
			buildConfigurationList = 3A9061082937DD48003648F6 /* Build configuration list for PBXNativeTarget "ToDoAppUITests" */;
			buildPhases = (
				3A9060F42937DD48003648F6 /* Sources */,
				3A9060F52937DD48003648F6 /* Frameworks */,
				3A9060F62937DD48003648F6 /* Resources */,
			);
			buildRules = (
			);
			dependencies = (
				3A9060FA2937DD48003648F6 /* PBXTargetDependency */,
			);
			name = ToDoAppUITests;
			productName = ToDoAppUITests;
			productReference = 3A9060F82937DD48003648F6 /* ToDoAppUITests.xctest */;
			productType = "com.apple.product-type.bundle.ui-testing";
		};
/* End PBXNativeTarget section */

/* Begin PBXProject section */
		3A9060D62937DD47003648F6 /* Project object */ = {
			isa = PBXProject;
			attributes = {
				BuildIndependentTargetsInParallel = 1;
				LastSwiftUpdateCheck = 1410;
				LastUpgradeCheck = 1410;
				TargetAttributes = {
					3A9060DD2937DD47003648F6 = {
						CreatedOnToolsVersion = 14.1;
					};
					3A9060ED2937DD48003648F6 = {
						CreatedOnToolsVersion = 14.1;
						TestTargetID = 3A9060DD2937DD47003648F6;
					};
					3A9060F72937DD48003648F6 = {
						CreatedOnToolsVersion = 14.1;
						TestTargetID = 3A9060DD2937DD47003648F6;
					};
				};
			};
			buildConfigurationList = 3A9060D92937DD47003648F6 /* Build configuration list for PBXProject "ToDoApp" */;
			compatibilityVersion = "Xcode 14.0";
			developmentRegion = en;
			hasScannedForEncodings = 0;
			knownRegions = (
				en,
				Base,
			);
			mainGroup = 3A9060D52937DD47003648F6;
			packageReferences = (
				3A360C752941575D0054EED9 /* XCRemoteSwiftPackageReference "SwiftLint" */,
				3A1C8D6729494CD2000AC68F /* XCRemoteSwiftPackageReference "SwiftUI-Introspect" */,
				3A254BAD2955267A00AAEFDC /* XCRemoteSwiftPackageReference "firebase-ios-sdk" */,
			);
			productRefGroup = 3A9060DF2937DD47003648F6 /* Products */;
			projectDirPath = "";
			projectRoot = "";
			targets = (
				3A9060DD2937DD47003648F6 /* ToDoApp */,
				3A9060ED2937DD48003648F6 /* ToDoAppTests */,
				3A9060F72937DD48003648F6 /* ToDoAppUITests */,
			);
		};
/* End PBXProject section */

/* Begin PBXResourcesBuildPhase section */
		3A9060DC2937DD47003648F6 /* Resources */ = {
			isa = PBXResourcesBuildPhase;
			buildActionMask = 2147483647;
			files = (
				3A9060E92937DD48003648F6 /* Preview Assets.xcassets in Resources */,
				3A9060E62937DD48003648F6 /* Assets.xcassets in Resources */,
				3A254BC1295677FC00AAEFDC /* GoogleService-Info.plist in Resources */,
			);
			runOnlyForDeploymentPostprocessing = 0;
		};
		3A9060EC2937DD48003648F6 /* Resources */ = {
			isa = PBXResourcesBuildPhase;
			buildActionMask = 2147483647;
			files = (
			);
			runOnlyForDeploymentPostprocessing = 0;
		};
		3A9060F62937DD48003648F6 /* Resources */ = {
			isa = PBXResourcesBuildPhase;
			buildActionMask = 2147483647;
			files = (
			);
			runOnlyForDeploymentPostprocessing = 0;
		};
/* End PBXResourcesBuildPhase section */

/* Begin PBXSourcesBuildPhase section */
		3A9060DA2937DD47003648F6 /* Sources */ = {
			isa = PBXSourcesBuildPhase;
			buildActionMask = 2147483647;
			files = (
				3A254BE2295E5BBD00AAEFDC /* RootViewModel.swift in Sources */,
				3A360C7B294166440054EED9 /* ToDoListView.swift in Sources */,
				3A254BDF295E583200AAEFDC /* PasswordValidation.swift in Sources */,
				3A4C5FA9293A8607002EEE92 /* CreateTaskView.swift in Sources */,
				3A4C5FAB293A88B5002EEE92 /* CreateTaskViewModel.swift in Sources */,
				3A254BDC295E4F5300AAEFDC /* LoginView.swift in Sources */,
				3A254BBB2955831200AAEFDC /* Encodable+Convenience.swift in Sources */,
				3A360C68293F225D0054EED9 /* ColorStyle.swift in Sources */,
				3AAD16FC2943D38A001099D6 /* ToDoListViewModel.swift in Sources */,
				3A254BDA295E4F4500AAEFDC /* LoginViewModel.swift in Sources */,
				3A254BD7295CEB2B00AAEFDC /* AuthenticateUser.swift in Sources */,
				3A254BCC2956DF1300AAEFDC /* UserData.swift in Sources */,
				3A254BC42956B30000AAEFDC /* SignUpView.swift in Sources */,
				3A254BBF2956690200AAEFDC /* ToDoServiceImpl.swift in Sources */,
				3A254BE4295E5BCB00AAEFDC /* RootView.swift in Sources */,
				3A9060E22937DD47003648F6 /* ToDoAppApp.swift in Sources */,
				3A254BC62956B30D00AAEFDC /* SignUpViewModel.swift in Sources */,
				3A254BB8295527C500AAEFDC /* Respository.swift in Sources */,
			);
			runOnlyForDeploymentPostprocessing = 0;
		};
		3A9060EA2937DD48003648F6 /* Sources */ = {
			isa = PBXSourcesBuildPhase;
			buildActionMask = 2147483647;
			files = (
				3A9060F32937DD48003648F6 /* ToDoAppTests.swift in Sources */,
			);
			runOnlyForDeploymentPostprocessing = 0;
		};
		3A9060F42937DD48003648F6 /* Sources */ = {
			isa = PBXSourcesBuildPhase;
			buildActionMask = 2147483647;
			files = (
				3A9060FF2937DD48003648F6 /* ToDoAppUITestsLaunchTests.swift in Sources */,
				3A9060FD2937DD48003648F6 /* ToDoAppUITests.swift in Sources */,
			);
			runOnlyForDeploymentPostprocessing = 0;
		};
/* End PBXSourcesBuildPhase section */

/* Begin PBXTargetDependency section */
		3A9060F02937DD48003648F6 /* PBXTargetDependency */ = {
			isa = PBXTargetDependency;
			target = 3A9060DD2937DD47003648F6 /* ToDoApp */;
			targetProxy = 3A9060EF2937DD48003648F6 /* PBXContainerItemProxy */;
		};
		3A9060FA2937DD48003648F6 /* PBXTargetDependency */ = {
			isa = PBXTargetDependency;
			target = 3A9060DD2937DD47003648F6 /* ToDoApp */;
			targetProxy = 3A9060F92937DD48003648F6 /* PBXContainerItemProxy */;
		};
/* End PBXTargetDependency section */

/* Begin XCBuildConfiguration section */
		3A9061002937DD48003648F6 /* Debug */ = {
			isa = XCBuildConfiguration;
			buildSettings = {
				ALWAYS_SEARCH_USER_PATHS = NO;
				CLANG_ANALYZER_NONNULL = YES;
				CLANG_ANALYZER_NUMBER_OBJECT_CONVERSION = YES_AGGRESSIVE;
				CLANG_CXX_LANGUAGE_STANDARD = "gnu++20";
				CLANG_ENABLE_MODULES = YES;
				CLANG_ENABLE_OBJC_ARC = YES;
				CLANG_ENABLE_OBJC_WEAK = YES;
				CLANG_WARN_BLOCK_CAPTURE_AUTORELEASING = YES;
				CLANG_WARN_BOOL_CONVERSION = YES;
				CLANG_WARN_COMMA = YES;
				CLANG_WARN_CONSTANT_CONVERSION = YES;
				CLANG_WARN_DEPRECATED_OBJC_IMPLEMENTATIONS = YES;
				CLANG_WARN_DIRECT_OBJC_ISA_USAGE = YES_ERROR;
				CLANG_WARN_DOCUMENTATION_COMMENTS = YES;
				CLANG_WARN_EMPTY_BODY = YES;
				CLANG_WARN_ENUM_CONVERSION = YES;
				CLANG_WARN_INFINITE_RECURSION = YES;
				CLANG_WARN_INT_CONVERSION = YES;
				CLANG_WARN_NON_LITERAL_NULL_CONVERSION = YES;
				CLANG_WARN_OBJC_IMPLICIT_RETAIN_SELF = YES;
				CLANG_WARN_OBJC_LITERAL_CONVERSION = YES;
				CLANG_WARN_OBJC_ROOT_CLASS = YES_ERROR;
				CLANG_WARN_QUOTED_INCLUDE_IN_FRAMEWORK_HEADER = YES;
				CLANG_WARN_RANGE_LOOP_ANALYSIS = YES;
				CLANG_WARN_STRICT_PROTOTYPES = YES;
				CLANG_WARN_SUSPICIOUS_MOVE = YES;
				CLANG_WARN_UNGUARDED_AVAILABILITY = YES_AGGRESSIVE;
				CLANG_WARN_UNREACHABLE_CODE = YES;
				CLANG_WARN__DUPLICATE_METHOD_MATCH = YES;
				COPY_PHASE_STRIP = NO;
				DEBUG_INFORMATION_FORMAT = dwarf;
				ENABLE_STRICT_OBJC_MSGSEND = YES;
				ENABLE_TESTABILITY = YES;
				GCC_C_LANGUAGE_STANDARD = gnu11;
				GCC_DYNAMIC_NO_PIC = NO;
				GCC_NO_COMMON_BLOCKS = YES;
				GCC_OPTIMIZATION_LEVEL = 0;
				GCC_PREPROCESSOR_DEFINITIONS = (
					"DEBUG=1",
					"$(inherited)",
				);
				GCC_WARN_64_TO_32_BIT_CONVERSION = YES;
				GCC_WARN_ABOUT_RETURN_TYPE = YES_ERROR;
				GCC_WARN_UNDECLARED_SELECTOR = YES;
				GCC_WARN_UNINITIALIZED_AUTOS = YES_AGGRESSIVE;
				GCC_WARN_UNUSED_FUNCTION = YES;
				GCC_WARN_UNUSED_VARIABLE = YES;
				IPHONEOS_DEPLOYMENT_TARGET = 16.1;
				MTL_ENABLE_DEBUG_INFO = INCLUDE_SOURCE;
				MTL_FAST_MATH = YES;
				ONLY_ACTIVE_ARCH = YES;
				SDKROOT = iphoneos;
				SWIFT_ACTIVE_COMPILATION_CONDITIONS = DEBUG;
				SWIFT_OPTIMIZATION_LEVEL = "-Onone";
			};
			name = Debug;
		};
		3A9061012937DD48003648F6 /* Release */ = {
			isa = XCBuildConfiguration;
			buildSettings = {
				ALWAYS_SEARCH_USER_PATHS = NO;
				CLANG_ANALYZER_NONNULL = YES;
				CLANG_ANALYZER_NUMBER_OBJECT_CONVERSION = YES_AGGRESSIVE;
				CLANG_CXX_LANGUAGE_STANDARD = "gnu++20";
				CLANG_ENABLE_MODULES = YES;
				CLANG_ENABLE_OBJC_ARC = YES;
				CLANG_ENABLE_OBJC_WEAK = YES;
				CLANG_WARN_BLOCK_CAPTURE_AUTORELEASING = YES;
				CLANG_WARN_BOOL_CONVERSION = YES;
				CLANG_WARN_COMMA = YES;
				CLANG_WARN_CONSTANT_CONVERSION = YES;
				CLANG_WARN_DEPRECATED_OBJC_IMPLEMENTATIONS = YES;
				CLANG_WARN_DIRECT_OBJC_ISA_USAGE = YES_ERROR;
				CLANG_WARN_DOCUMENTATION_COMMENTS = YES;
				CLANG_WARN_EMPTY_BODY = YES;
				CLANG_WARN_ENUM_CONVERSION = YES;
				CLANG_WARN_INFINITE_RECURSION = YES;
				CLANG_WARN_INT_CONVERSION = YES;
				CLANG_WARN_NON_LITERAL_NULL_CONVERSION = YES;
				CLANG_WARN_OBJC_IMPLICIT_RETAIN_SELF = YES;
				CLANG_WARN_OBJC_LITERAL_CONVERSION = YES;
				CLANG_WARN_OBJC_ROOT_CLASS = YES_ERROR;
				CLANG_WARN_QUOTED_INCLUDE_IN_FRAMEWORK_HEADER = YES;
				CLANG_WARN_RANGE_LOOP_ANALYSIS = YES;
				CLANG_WARN_STRICT_PROTOTYPES = YES;
				CLANG_WARN_SUSPICIOUS_MOVE = YES;
				CLANG_WARN_UNGUARDED_AVAILABILITY = YES_AGGRESSIVE;
				CLANG_WARN_UNREACHABLE_CODE = YES;
				CLANG_WARN__DUPLICATE_METHOD_MATCH = YES;
				COPY_PHASE_STRIP = NO;
				DEBUG_INFORMATION_FORMAT = "dwarf-with-dsym";
				ENABLE_NS_ASSERTIONS = NO;
				ENABLE_STRICT_OBJC_MSGSEND = YES;
				GCC_C_LANGUAGE_STANDARD = gnu11;
				GCC_NO_COMMON_BLOCKS = YES;
				GCC_WARN_64_TO_32_BIT_CONVERSION = YES;
				GCC_WARN_ABOUT_RETURN_TYPE = YES_ERROR;
				GCC_WARN_UNDECLARED_SELECTOR = YES;
				GCC_WARN_UNINITIALIZED_AUTOS = YES_AGGRESSIVE;
				GCC_WARN_UNUSED_FUNCTION = YES;
				GCC_WARN_UNUSED_VARIABLE = YES;
				IPHONEOS_DEPLOYMENT_TARGET = 16.1;
				MTL_ENABLE_DEBUG_INFO = NO;
				MTL_FAST_MATH = YES;
				SDKROOT = iphoneos;
				SWIFT_COMPILATION_MODE = wholemodule;
				SWIFT_OPTIMIZATION_LEVEL = "-O";
				VALIDATE_PRODUCT = YES;
			};
			name = Release;
		};
		3A9061032937DD48003648F6 /* Debug */ = {
			isa = XCBuildConfiguration;
			buildSettings = {
				ASSETCATALOG_COMPILER_APPICON_NAME = AppIcon;
				ASSETCATALOG_COMPILER_GLOBAL_ACCENT_COLOR_NAME = AccentColor;
				CODE_SIGN_STYLE = Automatic;
				CURRENT_PROJECT_VERSION = 1;
				DEVELOPMENT_ASSET_PATHS = "\"ToDoApp/Preview Content\"";
				DEVELOPMENT_TEAM = HC9GUA88Q8;
				ENABLE_PREVIEWS = YES;
				GENERATE_INFOPLIST_FILE = YES;
				INFOPLIST_KEY_UIApplicationSceneManifest_Generation = YES;
				INFOPLIST_KEY_UIApplicationSupportsIndirectInputEvents = YES;
				INFOPLIST_KEY_UILaunchScreen_Generation = YES;
				INFOPLIST_KEY_UISupportedInterfaceOrientations_iPad = "UIInterfaceOrientationPortrait UIInterfaceOrientationPortraitUpsideDown UIInterfaceOrientationLandscapeLeft UIInterfaceOrientationLandscapeRight";
				INFOPLIST_KEY_UISupportedInterfaceOrientations_iPhone = "UIInterfaceOrientationPortrait UIInterfaceOrientationLandscapeLeft UIInterfaceOrientationLandscapeRight";
				LD_RUNPATH_SEARCH_PATHS = (
					"$(inherited)",
					"@executable_path/Frameworks",
				);
				MARKETING_VERSION = 1.0;
				PRODUCT_BUNDLE_IDENTIFIER = Atimi.ToDoApp;
				PRODUCT_NAME = "$(TARGET_NAME)";
				SWIFT_EMIT_LOC_STRINGS = YES;
				SWIFT_VERSION = 5.0;
				TARGETED_DEVICE_FAMILY = "1,2";
			};
			name = Debug;
		};
		3A9061042937DD48003648F6 /* Release */ = {
			isa = XCBuildConfiguration;
			buildSettings = {
				ASSETCATALOG_COMPILER_APPICON_NAME = AppIcon;
				ASSETCATALOG_COMPILER_GLOBAL_ACCENT_COLOR_NAME = AccentColor;
				CODE_SIGN_STYLE = Automatic;
				CURRENT_PROJECT_VERSION = 1;
				DEVELOPMENT_ASSET_PATHS = "\"ToDoApp/Preview Content\"";
				DEVELOPMENT_TEAM = HC9GUA88Q8;
				ENABLE_PREVIEWS = YES;
				GENERATE_INFOPLIST_FILE = YES;
				INFOPLIST_KEY_UIApplicationSceneManifest_Generation = YES;
				INFOPLIST_KEY_UIApplicationSupportsIndirectInputEvents = YES;
				INFOPLIST_KEY_UILaunchScreen_Generation = YES;
				INFOPLIST_KEY_UISupportedInterfaceOrientations_iPad = "UIInterfaceOrientationPortrait UIInterfaceOrientationPortraitUpsideDown UIInterfaceOrientationLandscapeLeft UIInterfaceOrientationLandscapeRight";
				INFOPLIST_KEY_UISupportedInterfaceOrientations_iPhone = "UIInterfaceOrientationPortrait UIInterfaceOrientationLandscapeLeft UIInterfaceOrientationLandscapeRight";
				LD_RUNPATH_SEARCH_PATHS = (
					"$(inherited)",
					"@executable_path/Frameworks",
				);
				MARKETING_VERSION = 1.0;
				PRODUCT_BUNDLE_IDENTIFIER = Atimi.ToDoApp;
				PRODUCT_NAME = "$(TARGET_NAME)";
				SWIFT_EMIT_LOC_STRINGS = YES;
				SWIFT_VERSION = 5.0;
				TARGETED_DEVICE_FAMILY = "1,2";
			};
			name = Release;
		};
		3A9061062937DD48003648F6 /* Debug */ = {
			isa = XCBuildConfiguration;
			buildSettings = {
				ALWAYS_EMBED_SWIFT_STANDARD_LIBRARIES = YES;
				BUNDLE_LOADER = "$(TEST_HOST)";
				CODE_SIGN_STYLE = Automatic;
				CURRENT_PROJECT_VERSION = 1;
				DEVELOPMENT_TEAM = HC9GUA88Q8;
				GENERATE_INFOPLIST_FILE = YES;
				IPHONEOS_DEPLOYMENT_TARGET = 16.1;
				MARKETING_VERSION = 1.0;
				PRODUCT_BUNDLE_IDENTIFIER = Atimi.ToDoAppTests;
				PRODUCT_NAME = "$(TARGET_NAME)";
				SWIFT_EMIT_LOC_STRINGS = NO;
				SWIFT_VERSION = 5.0;
				TARGETED_DEVICE_FAMILY = "1,2";
				TEST_HOST = "$(BUILT_PRODUCTS_DIR)/ToDoApp.app/$(BUNDLE_EXECUTABLE_FOLDER_PATH)/ToDoApp";
			};
			name = Debug;
		};
		3A9061072937DD48003648F6 /* Release */ = {
			isa = XCBuildConfiguration;
			buildSettings = {
				ALWAYS_EMBED_SWIFT_STANDARD_LIBRARIES = YES;
				BUNDLE_LOADER = "$(TEST_HOST)";
				CODE_SIGN_STYLE = Automatic;
				CURRENT_PROJECT_VERSION = 1;
				DEVELOPMENT_TEAM = HC9GUA88Q8;
				GENERATE_INFOPLIST_FILE = YES;
				IPHONEOS_DEPLOYMENT_TARGET = 16.1;
				MARKETING_VERSION = 1.0;
				PRODUCT_BUNDLE_IDENTIFIER = Atimi.ToDoAppTests;
				PRODUCT_NAME = "$(TARGET_NAME)";
				SWIFT_EMIT_LOC_STRINGS = NO;
				SWIFT_VERSION = 5.0;
				TARGETED_DEVICE_FAMILY = "1,2";
				TEST_HOST = "$(BUILT_PRODUCTS_DIR)/ToDoApp.app/$(BUNDLE_EXECUTABLE_FOLDER_PATH)/ToDoApp";
			};
			name = Release;
		};
		3A9061092937DD48003648F6 /* Debug */ = {
			isa = XCBuildConfiguration;
			buildSettings = {
				ALWAYS_EMBED_SWIFT_STANDARD_LIBRARIES = YES;
				CODE_SIGN_STYLE = Automatic;
				CURRENT_PROJECT_VERSION = 1;
				DEVELOPMENT_TEAM = HC9GUA88Q8;
				GENERATE_INFOPLIST_FILE = YES;
				MARKETING_VERSION = 1.0;
				PRODUCT_BUNDLE_IDENTIFIER = Atimi.ToDoAppUITests;
				PRODUCT_NAME = "$(TARGET_NAME)";
				SWIFT_EMIT_LOC_STRINGS = NO;
				SWIFT_VERSION = 5.0;
				TARGETED_DEVICE_FAMILY = "1,2";
				TEST_TARGET_NAME = ToDoApp;
			};
			name = Debug;
		};
		3A90610A2937DD48003648F6 /* Release */ = {
			isa = XCBuildConfiguration;
			buildSettings = {
				ALWAYS_EMBED_SWIFT_STANDARD_LIBRARIES = YES;
				CODE_SIGN_STYLE = Automatic;
				CURRENT_PROJECT_VERSION = 1;
				DEVELOPMENT_TEAM = HC9GUA88Q8;
				GENERATE_INFOPLIST_FILE = YES;
				MARKETING_VERSION = 1.0;
				PRODUCT_BUNDLE_IDENTIFIER = Atimi.ToDoAppUITests;
				PRODUCT_NAME = "$(TARGET_NAME)";
				SWIFT_EMIT_LOC_STRINGS = NO;
				SWIFT_VERSION = 5.0;
				TARGETED_DEVICE_FAMILY = "1,2";
				TEST_TARGET_NAME = ToDoApp;
			};
			name = Release;
		};
/* End XCBuildConfiguration section */

/* Begin XCConfigurationList section */
		3A9060D92937DD47003648F6 /* Build configuration list for PBXProject "ToDoApp" */ = {
			isa = XCConfigurationList;
			buildConfigurations = (
				3A9061002937DD48003648F6 /* Debug */,
				3A9061012937DD48003648F6 /* Release */,
			);
			defaultConfigurationIsVisible = 0;
			defaultConfigurationName = Release;
		};
		3A9061022937DD48003648F6 /* Build configuration list for PBXNativeTarget "ToDoApp" */ = {
			isa = XCConfigurationList;
			buildConfigurations = (
				3A9061032937DD48003648F6 /* Debug */,
				3A9061042937DD48003648F6 /* Release */,
			);
			defaultConfigurationIsVisible = 0;
			defaultConfigurationName = Release;
		};
		3A9061052937DD48003648F6 /* Build configuration list for PBXNativeTarget "ToDoAppTests" */ = {
			isa = XCConfigurationList;
			buildConfigurations = (
				3A9061062937DD48003648F6 /* Debug */,
				3A9061072937DD48003648F6 /* Release */,
			);
			defaultConfigurationIsVisible = 0;
			defaultConfigurationName = Release;
		};
		3A9061082937DD48003648F6 /* Build configuration list for PBXNativeTarget "ToDoAppUITests" */ = {
			isa = XCConfigurationList;
			buildConfigurations = (
				3A9061092937DD48003648F6 /* Debug */,
				3A90610A2937DD48003648F6 /* Release */,
			);
			defaultConfigurationIsVisible = 0;
			defaultConfigurationName = Release;
		};
/* End XCConfigurationList section */

/* Begin XCRemoteSwiftPackageReference section */
		3A1C8D6729494CD2000AC68F /* XCRemoteSwiftPackageReference "SwiftUI-Introspect" */ = {
			isa = XCRemoteSwiftPackageReference;
			repositoryURL = "https://github.com/siteline/SwiftUI-Introspect.git";
			requirement = {
				branch = master;
				kind = branch;
			};
		};
		3A254BAD2955267A00AAEFDC /* XCRemoteSwiftPackageReference "firebase-ios-sdk" */ = {
			isa = XCRemoteSwiftPackageReference;
			repositoryURL = "https://github.com/firebase/firebase-ios-sdk";
			requirement = {
				branch = master;
				kind = branch;
			};
		};
		3A360C752941575D0054EED9 /* XCRemoteSwiftPackageReference "SwiftLint" */ = {
			isa = XCRemoteSwiftPackageReference;
			repositoryURL = "https://github.com/realm/SwiftLint";
			requirement = {
				branch = main;
				kind = branch;
			};
		};
/* End XCRemoteSwiftPackageReference section */

/* Begin XCSwiftPackageProductDependency section */
		3A1C8D6829494CD2000AC68F /* Introspect */ = {
			isa = XCSwiftPackageProductDependency;
			package = 3A1C8D6729494CD2000AC68F /* XCRemoteSwiftPackageReference "SwiftUI-Introspect" */;
			productName = Introspect;
		};
		3A254BB22955267A00AAEFDC /* FirebaseDatabase */ = {
			isa = XCSwiftPackageProductDependency;
			package = 3A254BAD2955267A00AAEFDC /* XCRemoteSwiftPackageReference "firebase-ios-sdk" */;
			productName = FirebaseDatabase;
		};
		3A254BB42955267A00AAEFDC /* FirebaseDatabaseSwift */ = {
			isa = XCSwiftPackageProductDependency;
			package = 3A254BAD2955267A00AAEFDC /* XCRemoteSwiftPackageReference "firebase-ios-sdk" */;
			productName = FirebaseDatabaseSwift;
		};
		3A254BC82956DA1F00AAEFDC /* FirebaseAuth */ = {
			isa = XCSwiftPackageProductDependency;
			package = 3A254BAD2955267A00AAEFDC /* XCRemoteSwiftPackageReference "firebase-ios-sdk" */;
			productName = FirebaseAuth;
		};
/* End XCSwiftPackageProductDependency section */
	};
	rootObject = 3A9060D62937DD47003648F6 /* Project object */;
}
